
Microsoft Visual Studio Solution File, Format Version 12.00
# Visual Studio Version 16
VisualStudioVersion = 16.0.30114.105
MinimumVisualStudioVersion = 10.0.40219.1
Project("{FAE04EC0-301F-11D3-BF4B-00C04F79EFBC}") = "AppSystem", "AppSystem\AppSystem.csproj", "{64D8196C-ABFD-4327-AEEC-C568463E8543}"
EndProject
Project("{FAE04EC0-301F-11D3-BF4B-00C04F79EFBC}") = "Consola", "Consola\Consola.csproj", "{F8B442A0-ADA7-425D-97D1-8E35F6BC358A}"
EndProject
Project("{FAE04EC0-301F-11D3-BF4B-00C04F79EFBC}") = "data", "data\data.csproj", "{2A15764E-4CDF-4B27-8225-DA7AB4D93BB7}"
EndProject
Project("{FAE04EC0-301F-11D3-BF4B-00C04F79EFBC}") = "Entitdades", "Entitdades\Entitdades.csproj", "{BA66CAF4-74A3-4317-8697-FB4B9EBDF1E7}"
EndProject
Global
	GlobalSection(SolutionConfigurationPlatforms) = preSolution
		Debug|Any CPU = Debug|Any CPU
		Release|Any CPU = Release|Any CPU
	EndGlobalSection
	GlobalSection(SolutionProperties) = preSolution
		HideSolutionNode = FALSE
	EndGlobalSection
	GlobalSection(ProjectConfigurationPlatforms) = postSolution
		{64D8196C-ABFD-4327-AEEC-C568463E8543}.Debug|Any CPU.ActiveCfg = Debug|Any CPU
		{64D8196C-ABFD-4327-AEEC-C568463E8543}.Debug|Any CPU.Build.0 = Debug|Any CPU
		{64D8196C-ABFD-4327-AEEC-C568463E8543}.Release|Any CPU.ActiveCfg = Release|Any CPU
		{64D8196C-ABFD-4327-AEEC-C568463E8543}.Release|Any CPU.Build.0 = Release|Any CPU
		{F8B442A0-ADA7-425D-97D1-8E35F6BC358A}.Debug|Any CPU.ActiveCfg = Debug|Any CPU
		{F8B442A0-ADA7-425D-97D1-8E35F6BC358A}.Debug|Any CPU.Build.0 = Debug|Any CPU
		{F8B442A0-ADA7-425D-97D1-8E35F6BC358A}.Release|Any CPU.ActiveCfg = Release|Any CPU
		{F8B442A0-ADA7-425D-97D1-8E35F6BC358A}.Release|Any CPU.Build.0 = Release|Any CPU
		{2A15764E-4CDF-4B27-8225-DA7AB4D93BB7}.Debug|Any CPU.ActiveCfg = Debug|Any CPU
		{2A15764E-4CDF-4B27-8225-DA7AB4D93BB7}.Debug|Any CPU.Build.0 = Debug|Any CPU
		{2A15764E-4CDF-4B27-8225-DA7AB4D93BB7}.Release|Any CPU.ActiveCfg = Release|Any CPU
		{2A15764E-4CDF-4B27-8225-DA7AB4D93BB7}.Release|Any CPU.Build.0 = Release|Any CPU
		{BA66CAF4-74A3-4317-8697-FB4B9EBDF1E7}.Debug|Any CPU.ActiveCfg = Debug|Any CPU
		{BA66CAF4-74A3-4317-8697-FB4B9EBDF1E7}.Debug|Any CPU.Build.0 = Debug|Any CPU
		{BA66CAF4-74A3-4317-8697-FB4B9EBDF1E7}.Release|Any CPU.ActiveCfg = Release|Any CPU
		{BA66CAF4-74A3-4317-8697-FB4B9EBDF1E7}.Release|Any CPU.Build.0 = Release|Any CPU
	EndGlobalSection
EndGlobal
